// !$*UTF8*$!
{
	archiveVersion = 1;
	classes = {
	};
	objectVersion = 55;
	objects = {

/* Begin PBXBuildFile section */
		0F6F91662801C0C900325091 /* AppDelegate.swift in Sources */ = {isa = PBXBuildFile; fileRef = 0F6F91652801C0C900325091 /* AppDelegate.swift */; };
		0F6F91682801C0C900325091 /* SceneDelegate.swift in Sources */ = {isa = PBXBuildFile; fileRef = 0F6F91672801C0C900325091 /* SceneDelegate.swift */; };
		0F6F916A2801C0C900325091 /* MainViewController.swift in Sources */ = {isa = PBXBuildFile; fileRef = 0F6F91692801C0C900325091 /* MainViewController.swift */; };
		0F6F916D2801C0C900325091 /* Main.storyboard in Resources */ = {isa = PBXBuildFile; fileRef = 0F6F916B2801C0C900325091 /* Main.storyboard */; };
		0F6F91702801C0C900325091 /* DrinkOrder.xcdatamodeld in Sources */ = {isa = PBXBuildFile; fileRef = 0F6F916E2801C0C900325091 /* DrinkOrder.xcdatamodeld */; };
		0F6F91722801C0CB00325091 /* Assets.xcassets in Resources */ = {isa = PBXBuildFile; fileRef = 0F6F91712801C0CB00325091 /* Assets.xcassets */; };
		0F6F91752801C0CB00325091 /* LaunchScreen.storyboard in Resources */ = {isa = PBXBuildFile; fileRef = 0F6F91732801C0CB00325091 /* LaunchScreen.storyboard */; };
		0F6F91802801C0CB00325091 /* DrinkOrderTests.swift in Sources */ = {isa = PBXBuildFile; fileRef = 0F6F917F2801C0CB00325091 /* DrinkOrderTests.swift */; };
		0F6F918A2801C0CB00325091 /* DrinkOrderUITests.swift in Sources */ = {isa = PBXBuildFile; fileRef = 0F6F91892801C0CB00325091 /* DrinkOrderUITests.swift */; };
		0F6F918C2801C0CB00325091 /* DrinkOrderUITestsLaunchTests.swift in Sources */ = {isa = PBXBuildFile; fileRef = 0F6F918B2801C0CB00325091 /* DrinkOrderUITestsLaunchTests.swift */; };
		0F6F919E2801C3C300325091 /* Extensions.swift in Sources */ = {isa = PBXBuildFile; fileRef = 0F6F919D2801C3C300325091 /* Extensions.swift */; };
		0F6F91A02801D55300325091 /* OrderViewController.swift in Sources */ = {isa = PBXBuildFile; fileRef = 0F6F919F2801D55300325091 /* OrderViewController.swift */; };
		0F6F91A42801E23000325091 /* Drinks.plist in Resources */ = {isa = PBXBuildFile; fileRef = 0F6F91A32801E23000325091 /* Drinks.plist */; };
		0F6F91A62801E5E400325091 /* Drinks.swift in Sources */ = {isa = PBXBuildFile; fileRef = 0F6F91A52801E5E400325091 /* Drinks.swift */; };
		0F6F91AA2801F7B300325091 /* GoCheckOutButton.swift in Sources */ = {isa = PBXBuildFile; fileRef = 0F6F91A92801F7B300325091 /* GoCheckOutButton.swift */; };
		0F6F91B02802034E00325091 /* SendOrderButton.swift in Sources */ = {isa = PBXBuildFile; fileRef = 0F6F91AF2802034E00325091 /* SendOrderButton.swift */; };
		0F6F91B22802D9B800325091 /* DrinksMenuTableViewCell.swift in Sources */ = {isa = PBXBuildFile; fileRef = 0F6F91B12802D9B800325091 /* DrinksMenuTableViewCell.swift */; };
		0F6F91B72803D44700325091 /* MenuDetailViewController.swift in Sources */ = {isa = PBXBuildFile; fileRef = 0F6F91B62803D44700325091 /* MenuDetailViewController.swift */; };
		0F6F91B92803D95B00325091 /* DrinksDetail.swift in Sources */ = {isa = PBXBuildFile; fileRef = 0F6F91B82803D95B00325091 /* DrinksDetail.swift */; };
		0F6F91BB28040B0300325091 /* MenuDetailTableViewCell.swift in Sources */ = {isa = PBXBuildFile; fileRef = 0F6F91BA28040B0200325091 /* MenuDetailTableViewCell.swift */; };
		0F6F91C32804194D00325091 /* AddDrinkView.swift in Sources */ = {isa = PBXBuildFile; fileRef = 0F6F91C22804194D00325091 /* AddDrinkView.swift */; };
		0F6F91C528050DC900325091 /* MenuDetailHeaderView.swift in Sources */ = {isa = PBXBuildFile; fileRef = 0F6F91C428050DC900325091 /* MenuDetailHeaderView.swift */; };
		0F6F91C92805CF1400325091 /* TempOrder.swift in Sources */ = {isa = PBXBuildFile; fileRef = 0F6F91C82805CF1400325091 /* TempOrder.swift */; };
		0F6F91CB2805DB3F00325091 /* APIService.swift in Sources */ = {isa = PBXBuildFile; fileRef = 0F6F91CA2805DB3F00325091 /* APIService.swift */; };
		0F6F91CD2805DB9800325091 /* LoginViewController.swift in Sources */ = {isa = PBXBuildFile; fileRef = 0F6F91CC2805DB9800325091 /* LoginViewController.swift */; };
		0F6F91CF28066FF700325091 /* ViewOrderView.swift in Sources */ = {isa = PBXBuildFile; fileRef = 0F6F91CE28066FF700325091 /* ViewOrderView.swift */; };
		0F6F91D1280677C800325091 /* DateUtility.swift in Sources */ = {isa = PBXBuildFile; fileRef = 0F6F91D0280677C800325091 /* DateUtility.swift */; };
		0F6F91D32807225600325091 /* CustomizeTextField.swift in Sources */ = {isa = PBXBuildFile; fileRef = 0F6F91D22807225600325091 /* CustomizeTextField.swift */; };
		0F6F91D52807250500325091 /* Keys.plist in Resources */ = {isa = PBXBuildFile; fileRef = 0F6F91D42807250500325091 /* Keys.plist */; };
		0F6F91D728072FD800325091 /* OrderModel.swift in Sources */ = {isa = PBXBuildFile; fileRef = 0F6F91D628072FD800325091 /* OrderModel.swift */; };
		0F6F91DD28087D5700325091 /* LoginButton.swift in Sources */ = {isa = PBXBuildFile; fileRef = 0F6F91DC28087D5700325091 /* LoginButton.swift */; };
		0F6F91DF2808897900325091 /* Customer.swift in Sources */ = {isa = PBXBuildFile; fileRef = 0F6F91DE2808897900325091 /* Customer.swift */; };
		0F6F91E1280941D400325091 /* NewGroupViewController.swift in Sources */ = {isa = PBXBuildFile; fileRef = 0F6F91E0280941D400325091 /* NewGroupViewController.swift */; };
		0F6F91E7280B026500325091 /* ShadowsImageButton.swift in Sources */ = {isa = PBXBuildFile; fileRef = 0F6F91E6280B026500325091 /* ShadowsImageButton.swift */; };
		0F6F91E9280B18BC00325091 /* ListViewController.swift in Sources */ = {isa = PBXBuildFile; fileRef = 0F6F91E8280B18BC00325091 /* ListViewController.swift */; };
		0F6F91EF280B2CBC00325091 /* ListForGroupTableViewCell.swift in Sources */ = {isa = PBXBuildFile; fileRef = 0F6F91EE280B2CBC00325091 /* ListForGroupTableViewCell.swift */; };
		0F6F91F3280C5C7500325091 /* AirDrinksModel.swift in Sources */ = {isa = PBXBuildFile; fileRef = 0F6F91F2280C5C7400325091 /* AirDrinksModel.swift */; };
		0F6F91F5280C681500325091 /* NetworkError.swift in Sources */ = {isa = PBXBuildFile; fileRef = 0F6F91F4280C681500325091 /* NetworkError.swift */; };
/* End PBXBuildFile section */

/* Begin PBXContainerItemProxy section */
		0F6F917C2801C0CB00325091 /* PBXContainerItemProxy */ = {
			isa = PBXContainerItemProxy;
			containerPortal = 0F6F915A2801C0C900325091 /* Project object */;
			proxyType = 1;
			remoteGlobalIDString = 0F6F91612801C0C900325091;
			remoteInfo = DrinkOrder;
		};
		0F6F91862801C0CB00325091 /* PBXContainerItemProxy */ = {
			isa = PBXContainerItemProxy;
			containerPortal = 0F6F915A2801C0C900325091 /* Project object */;
			proxyType = 1;
			remoteGlobalIDString = 0F6F91612801C0C900325091;
			remoteInfo = DrinkOrder;
		};
/* End PBXContainerItemProxy section */

/* Begin PBXFileReference section */
		0F6F91622801C0C900325091 /* DrinkOrder.app */ = {isa = PBXFileReference; explicitFileType = wrapper.application; includeInIndex = 0; path = DrinkOrder.app; sourceTree = BUILT_PRODUCTS_DIR; };
		0F6F91652801C0C900325091 /* AppDelegate.swift */ = {isa = PBXFileReference; lastKnownFileType = sourcecode.swift; path = AppDelegate.swift; sourceTree = "<group>"; };
		0F6F91672801C0C900325091 /* SceneDelegate.swift */ = {isa = PBXFileReference; lastKnownFileType = sourcecode.swift; path = SceneDelegate.swift; sourceTree = "<group>"; };
		0F6F91692801C0C900325091 /* MainViewController.swift */ = {isa = PBXFileReference; lastKnownFileType = sourcecode.swift; path = MainViewController.swift; sourceTree = "<group>"; };
		0F6F916C2801C0C900325091 /* Base */ = {isa = PBXFileReference; lastKnownFileType = file.storyboard; name = Base; path = Base.lproj/Main.storyboard; sourceTree = "<group>"; };
		0F6F916F2801C0C900325091 /* DrinkOrder.xcdatamodel */ = {isa = PBXFileReference; lastKnownFileType = wrapper.xcdatamodel; path = DrinkOrder.xcdatamodel; sourceTree = "<group>"; };
		0F6F91712801C0CB00325091 /* Assets.xcassets */ = {isa = PBXFileReference; lastKnownFileType = folder.assetcatalog; path = Assets.xcassets; sourceTree = "<group>"; };
		0F6F91742801C0CB00325091 /* Base */ = {isa = PBXFileReference; lastKnownFileType = file.storyboard; name = Base; path = Base.lproj/LaunchScreen.storyboard; sourceTree = "<group>"; };
		0F6F91762801C0CB00325091 /* Info.plist */ = {isa = PBXFileReference; lastKnownFileType = text.plist.xml; path = Info.plist; sourceTree = "<group>"; };
		0F6F917B2801C0CB00325091 /* DrinkOrderTests.xctest */ = {isa = PBXFileReference; explicitFileType = wrapper.cfbundle; includeInIndex = 0; path = DrinkOrderTests.xctest; sourceTree = BUILT_PRODUCTS_DIR; };
		0F6F917F2801C0CB00325091 /* DrinkOrderTests.swift */ = {isa = PBXFileReference; lastKnownFileType = sourcecode.swift; path = DrinkOrderTests.swift; sourceTree = "<group>"; };
		0F6F91852801C0CB00325091 /* DrinkOrderUITests.xctest */ = {isa = PBXFileReference; explicitFileType = wrapper.cfbundle; includeInIndex = 0; path = DrinkOrderUITests.xctest; sourceTree = BUILT_PRODUCTS_DIR; };
		0F6F91892801C0CB00325091 /* DrinkOrderUITests.swift */ = {isa = PBXFileReference; lastKnownFileType = sourcecode.swift; path = DrinkOrderUITests.swift; sourceTree = "<group>"; };
		0F6F918B2801C0CB00325091 /* DrinkOrderUITestsLaunchTests.swift */ = {isa = PBXFileReference; lastKnownFileType = sourcecode.swift; path = DrinkOrderUITestsLaunchTests.swift; sourceTree = "<group>"; };
		0F6F919D2801C3C300325091 /* Extensions.swift */ = {isa = PBXFileReference; lastKnownFileType = sourcecode.swift; path = Extensions.swift; sourceTree = "<group>"; };
		0F6F919F2801D55300325091 /* OrderViewController.swift */ = {isa = PBXFileReference; lastKnownFileType = sourcecode.swift; path = OrderViewController.swift; sourceTree = "<group>"; };
		0F6F91A32801E23000325091 /* Drinks.plist */ = {isa = PBXFileReference; lastKnownFileType = text.plist.xml; path = Drinks.plist; sourceTree = "<group>"; };
		0F6F91A52801E5E400325091 /* Drinks.swift */ = {isa = PBXFileReference; lastKnownFileType = sourcecode.swift; path = Drinks.swift; sourceTree = "<group>"; };
		0F6F91A92801F7B300325091 /* GoCheckOutButton.swift */ = {isa = PBXFileReference; lastKnownFileType = sourcecode.swift; path = GoCheckOutButton.swift; sourceTree = "<group>"; };
		0F6F91AF2802034E00325091 /* SendOrderButton.swift */ = {isa = PBXFileReference; lastKnownFileType = sourcecode.swift; path = SendOrderButton.swift; sourceTree = "<group>"; };
		0F6F91B12802D9B800325091 /* DrinksMenuTableViewCell.swift */ = {isa = PBXFileReference; lastKnownFileType = sourcecode.swift; path = DrinksMenuTableViewCell.swift; sourceTree = "<group>"; };
		0F6F91B62803D44700325091 /* MenuDetailViewController.swift */ = {isa = PBXFileReference; lastKnownFileType = sourcecode.swift; path = MenuDetailViewController.swift; sourceTree = "<group>"; };
		0F6F91B82803D95B00325091 /* DrinksDetail.swift */ = {isa = PBXFileReference; lastKnownFileType = sourcecode.swift; path = DrinksDetail.swift; sourceTree = "<group>"; };
		0F6F91BA28040B0200325091 /* MenuDetailTableViewCell.swift */ = {isa = PBXFileReference; lastKnownFileType = sourcecode.swift; path = MenuDetailTableViewCell.swift; sourceTree = "<group>"; };
		0F6F91C22804194D00325091 /* AddDrinkView.swift */ = {isa = PBXFileReference; lastKnownFileType = sourcecode.swift; path = AddDrinkView.swift; sourceTree = "<group>"; };
		0F6F91C428050DC900325091 /* MenuDetailHeaderView.swift */ = {isa = PBXFileReference; lastKnownFileType = sourcecode.swift; path = MenuDetailHeaderView.swift; sourceTree = "<group>"; };
		0F6F91C82805CF1400325091 /* TempOrder.swift */ = {isa = PBXFileReference; lastKnownFileType = sourcecode.swift; path = TempOrder.swift; sourceTree = "<group>"; };
		0F6F91CA2805DB3F00325091 /* APIService.swift */ = {isa = PBXFileReference; lastKnownFileType = sourcecode.swift; path = APIService.swift; sourceTree = "<group>"; };
		0F6F91CC2805DB9800325091 /* LoginViewController.swift */ = {isa = PBXFileReference; lastKnownFileType = sourcecode.swift; path = LoginViewController.swift; sourceTree = "<group>"; };
		0F6F91CE28066FF700325091 /* ViewOrderView.swift */ = {isa = PBXFileReference; lastKnownFileType = sourcecode.swift; path = ViewOrderView.swift; sourceTree = "<group>"; };
		0F6F91D0280677C800325091 /* DateUtility.swift */ = {isa = PBXFileReference; lastKnownFileType = sourcecode.swift; path = DateUtility.swift; sourceTree = "<group>"; };
		0F6F91D22807225600325091 /* CustomizeTextField.swift */ = {isa = PBXFileReference; lastKnownFileType = sourcecode.swift; path = CustomizeTextField.swift; sourceTree = "<group>"; };
		0F6F91D42807250500325091 /* Keys.plist */ = {isa = PBXFileReference; lastKnownFileType = text.plist.xml; path = Keys.plist; sourceTree = "<group>"; };
		0F6F91D628072FD800325091 /* OrderModel.swift */ = {isa = PBXFileReference; lastKnownFileType = sourcecode.swift; path = OrderModel.swift; sourceTree = "<group>"; };
		0F6F91DC28087D5700325091 /* LoginButton.swift */ = {isa = PBXFileReference; lastKnownFileType = sourcecode.swift; path = LoginButton.swift; sourceTree = "<group>"; };
		0F6F91DE2808897900325091 /* Customer.swift */ = {isa = PBXFileReference; lastKnownFileType = sourcecode.swift; path = Customer.swift; sourceTree = "<group>"; };
		0F6F91E0280941D400325091 /* NewGroupViewController.swift */ = {isa = PBXFileReference; lastKnownFileType = sourcecode.swift; path = NewGroupViewController.swift; sourceTree = "<group>"; };
		0F6F91E6280B026500325091 /* ShadowsImageButton.swift */ = {isa = PBXFileReference; lastKnownFileType = sourcecode.swift; path = ShadowsImageButton.swift; sourceTree = "<group>"; };
		0F6F91E8280B18BC00325091 /* ListViewController.swift */ = {isa = PBXFileReference; lastKnownFileType = sourcecode.swift; path = ListViewController.swift; sourceTree = "<group>"; };
		0F6F91EE280B2CBC00325091 /* ListForGroupTableViewCell.swift */ = {isa = PBXFileReference; lastKnownFileType = sourcecode.swift; path = ListForGroupTableViewCell.swift; sourceTree = "<group>"; };
		0F6F91F2280C5C7400325091 /* AirDrinksModel.swift */ = {isa = PBXFileReference; lastKnownFileType = sourcecode.swift; path = AirDrinksModel.swift; sourceTree = "<group>"; };
		0F6F91F4280C681500325091 /* NetworkError.swift */ = {isa = PBXFileReference; lastKnownFileType = sourcecode.swift; path = NetworkError.swift; sourceTree = "<group>"; };
/* End PBXFileReference section */

/* Begin PBXFrameworksBuildPhase section */
		0F6F915F2801C0C900325091 /* Frameworks */ = {
			isa = PBXFrameworksBuildPhase;
			buildActionMask = 2147483647;
			files = (
			);
			runOnlyForDeploymentPostprocessing = 0;
		};
		0F6F91782801C0CB00325091 /* Frameworks */ = {
			isa = PBXFrameworksBuildPhase;
			buildActionMask = 2147483647;
			files = (
			);
			runOnlyForDeploymentPostprocessing = 0;
		};
		0F6F91822801C0CB00325091 /* Frameworks */ = {
			isa = PBXFrameworksBuildPhase;
			buildActionMask = 2147483647;
			files = (
			);
			runOnlyForDeploymentPostprocessing = 0;
		};
/* End PBXFrameworksBuildPhase section */

/* Begin PBXGroup section */
		0F6F91592801C0C900325091 = {
			isa = PBXGroup;
			children = (
				0F6F91642801C0C900325091 /* DrinkOrder */,
				0F6F917E2801C0CB00325091 /* DrinkOrderTests */,
				0F6F91882801C0CB00325091 /* DrinkOrderUITests */,
				0F6F91632801C0C900325091 /* Products */,
			);
			sourceTree = "<group>";
		};
		0F6F91632801C0C900325091 /* Products */ = {
			isa = PBXGroup;
			children = (
				0F6F91622801C0C900325091 /* DrinkOrder.app */,
				0F6F917B2801C0CB00325091 /* DrinkOrderTests.xctest */,
				0F6F91852801C0CB00325091 /* DrinkOrderUITests.xctest */,
			);
			name = Products;
			sourceTree = "<group>";
		};
		0F6F91642801C0C900325091 /* DrinkOrder */ = {
			isa = PBXGroup;
			children = (
				0F6F91992801C25C00325091 /* Model */,
				0F6F91982801C25300325091 /* View */,
				0F6F919A2801C27200325091 /* Controller */,
				0F6F919C2801C38900325091 /* Utility */,
				0F6F91652801C0C900325091 /* AppDelegate.swift */,
				0F6F91672801C0C900325091 /* SceneDelegate.swift */,
				0F6F916B2801C0C900325091 /* Main.storyboard */,
				0F6F91712801C0CB00325091 /* Assets.xcassets */,
				0F6F91732801C0CB00325091 /* LaunchScreen.storyboard */,
				0F6F91762801C0CB00325091 /* Info.plist */,
				0F6F91D42807250500325091 /* Keys.plist */,
				0F6F916E2801C0C900325091 /* DrinkOrder.xcdatamodeld */,
			);
			path = DrinkOrder;
			sourceTree = "<group>";
		};
		0F6F917E2801C0CB00325091 /* DrinkOrderTests */ = {
			isa = PBXGroup;
			children = (
				0F6F917F2801C0CB00325091 /* DrinkOrderTests.swift */,
			);
			path = DrinkOrderTests;
			sourceTree = "<group>";
		};
		0F6F91882801C0CB00325091 /* DrinkOrderUITests */ = {
			isa = PBXGroup;
			children = (
				0F6F91892801C0CB00325091 /* DrinkOrderUITests.swift */,
				0F6F918B2801C0CB00325091 /* DrinkOrderUITestsLaunchTests.swift */,
			);
			path = DrinkOrderUITests;
			sourceTree = "<group>";
		};
		0F6F91982801C25300325091 /* View */ = {
			isa = PBXGroup;
			children = (
				0F6F91C62805136A00325091 /* TableViewCell */,
				0F6F91C72805137D00325091 /* Button */,
				0F6F91EA280B1B0C00325091 /* Views */,
				0F6F91EB280B1B1700325091 /* TextField */,
			);
			path = View;
			sourceTree = "<group>";
		};
		0F6F91992801C25C00325091 /* Model */ = {
			isa = PBXGroup;
			children = (
				0F6F91A32801E23000325091 /* Drinks.plist */,
				0F6F91A52801E5E400325091 /* Drinks.swift */,
				0F6F91B82803D95B00325091 /* DrinksDetail.swift */,
				0F6F91C82805CF1400325091 /* TempOrder.swift */,
				0F6F91D628072FD800325091 /* OrderModel.swift */,
				0F6F91DE2808897900325091 /* Customer.swift */,
				0F6F91F2280C5C7400325091 /* AirDrinksModel.swift */,
			);
			path = Model;
			sourceTree = "<group>";
		};
		0F6F919A2801C27200325091 /* Controller */ = {
			isa = PBXGroup;
			children = (
				0F6F91CC2805DB9800325091 /* LoginViewController.swift */,
				0F6F91E0280941D400325091 /* NewGroupViewController.swift */,
				0F6F91692801C0C900325091 /* MainViewController.swift */,
				0F6F91E8280B18BC00325091 /* ListViewController.swift */,
				0F6F91B62803D44700325091 /* MenuDetailViewController.swift */,
				0F6F919F2801D55300325091 /* OrderViewController.swift */,
			);
			path = Controller;
			sourceTree = "<group>";
		};
		0F6F919C2801C38900325091 /* Utility */ = {
			isa = PBXGroup;
			children = (
				0F6F919D2801C3C300325091 /* Extensions.swift */,
				0F6F91CA2805DB3F00325091 /* APIService.swift */,
				0F6F91D0280677C800325091 /* DateUtility.swift */,
				0F6F91F4280C681500325091 /* NetworkError.swift */,
			);
			path = Utility;
			sourceTree = "<group>";
		};
		0F6F91C62805136A00325091 /* TableViewCell */ = {
			isa = PBXGroup;
			children = (
				0F6F91B12802D9B800325091 /* DrinksMenuTableViewCell.swift */,
				0F6F91BA28040B0200325091 /* MenuDetailTableViewCell.swift */,
				0F6F91EE280B2CBC00325091 /* ListForGroupTableViewCell.swift */,
			);
			path = TableViewCell;
			sourceTree = "<group>";
		};
		0F6F91C72805137D00325091 /* Button */ = {
			isa = PBXGroup;
			children = (
				0F6F91A92801F7B300325091 /* GoCheckOutButton.swift */,
				0F6F91AF2802034E00325091 /* SendOrderButton.swift */,
				0F6F91DC28087D5700325091 /* LoginButton.swift */,
				0F6F91E6280B026500325091 /* ShadowsImageButton.swift */,
			);
			path = Button;
			sourceTree = "<group>";
		};
		0F6F91EA280B1B0C00325091 /* Views */ = {
			isa = PBXGroup;
			children = (
				0F6F91C22804194D00325091 /* AddDrinkView.swift */,
				0F6F91C428050DC900325091 /* MenuDetailHeaderView.swift */,
				0F6F91CE28066FF700325091 /* ViewOrderView.swift */,
			);
			path = Views;
			sourceTree = "<group>";
		};
		0F6F91EB280B1B1700325091 /* TextField */ = {
			isa = PBXGroup;
			children = (
				0F6F91D22807225600325091 /* CustomizeTextField.swift */,
			);
			path = TextField;
			sourceTree = "<group>";
		};
/* End PBXGroup section */

/* Begin PBXNativeTarget section */
		0F6F91612801C0C900325091 /* DrinkOrder */ = {
			isa = PBXNativeTarget;
			buildConfigurationList = 0F6F918F2801C0CB00325091 /* Build configuration list for PBXNativeTarget "DrinkOrder" */;
			buildPhases = (
				0F6F915E2801C0C900325091 /* Sources */,
				0F6F915F2801C0C900325091 /* Frameworks */,
				0F6F91602801C0C900325091 /* Resources */,
			);
			buildRules = (
			);
			dependencies = (
			);
			name = DrinkOrder;
			productName = DrinkOrder;
			productReference = 0F6F91622801C0C900325091 /* DrinkOrder.app */;
			productType = "com.apple.product-type.application";
		};
		0F6F917A2801C0CB00325091 /* DrinkOrderTests */ = {
			isa = PBXNativeTarget;
			buildConfigurationList = 0F6F91922801C0CB00325091 /* Build configuration list for PBXNativeTarget "DrinkOrderTests" */;
			buildPhases = (
				0F6F91772801C0CB00325091 /* Sources */,
				0F6F91782801C0CB00325091 /* Frameworks */,
				0F6F91792801C0CB00325091 /* Resources */,
			);
			buildRules = (
			);
			dependencies = (
				0F6F917D2801C0CB00325091 /* PBXTargetDependency */,
			);
			name = DrinkOrderTests;
			productName = DrinkOrderTests;
			productReference = 0F6F917B2801C0CB00325091 /* DrinkOrderTests.xctest */;
			productType = "com.apple.product-type.bundle.unit-test";
		};
		0F6F91842801C0CB00325091 /* DrinkOrderUITests */ = {
			isa = PBXNativeTarget;
			buildConfigurationList = 0F6F91952801C0CB00325091 /* Build configuration list for PBXNativeTarget "DrinkOrderUITests" */;
			buildPhases = (
				0F6F91812801C0CB00325091 /* Sources */,
				0F6F91822801C0CB00325091 /* Frameworks */,
				0F6F91832801C0CB00325091 /* Resources */,
			);
			buildRules = (
			);
			dependencies = (
				0F6F91872801C0CB00325091 /* PBXTargetDependency */,
			);
			name = DrinkOrderUITests;
			productName = DrinkOrderUITests;
			productReference = 0F6F91852801C0CB00325091 /* DrinkOrderUITests.xctest */;
			productType = "com.apple.product-type.bundle.ui-testing";
		};
/* End PBXNativeTarget section */

/* Begin PBXProject section */
		0F6F915A2801C0C900325091 /* Project object */ = {
			isa = PBXProject;
			attributes = {
				BuildIndependentTargetsInParallel = 1;
				LastSwiftUpdateCheck = 1330;
				LastUpgradeCheck = 1330;
				TargetAttributes = {
					0F6F91612801C0C900325091 = {
						CreatedOnToolsVersion = 13.3;
					};
					0F6F917A2801C0CB00325091 = {
						CreatedOnToolsVersion = 13.3;
						TestTargetID = 0F6F91612801C0C900325091;
					};
					0F6F91842801C0CB00325091 = {
						CreatedOnToolsVersion = 13.3;
						TestTargetID = 0F6F91612801C0C900325091;
					};
				};
			};
			buildConfigurationList = 0F6F915D2801C0C900325091 /* Build configuration list for PBXProject "DrinkOrder" */;
			compatibilityVersion = "Xcode 13.0";
			developmentRegion = en;
			hasScannedForEncodings = 0;
			knownRegions = (
				en,
				Base,
			);
			mainGroup = 0F6F91592801C0C900325091;
			productRefGroup = 0F6F91632801C0C900325091 /* Products */;
			projectDirPath = "";
			projectRoot = "";
			targets = (
				0F6F91612801C0C900325091 /* DrinkOrder */,
				0F6F917A2801C0CB00325091 /* DrinkOrderTests */,
				0F6F91842801C0CB00325091 /* DrinkOrderUITests */,
			);
		};
/* End PBXProject section */

/* Begin PBXResourcesBuildPhase section */
		0F6F91602801C0C900325091 /* Resources */ = {
			isa = PBXResourcesBuildPhase;
			buildActionMask = 2147483647;
			files = (
				0F6F91752801C0CB00325091 /* LaunchScreen.storyboard in Resources */,
				0F6F91A42801E23000325091 /* Drinks.plist in Resources */,
				0F6F91722801C0CB00325091 /* Assets.xcassets in Resources */,
				0F6F916D2801C0C900325091 /* Main.storyboard in Resources */,
				0F6F91D52807250500325091 /* Keys.plist in Resources */,
			);
			runOnlyForDeploymentPostprocessing = 0;
		};
		0F6F91792801C0CB00325091 /* Resources */ = {
			isa = PBXResourcesBuildPhase;
			buildActionMask = 2147483647;
			files = (
			);
			runOnlyForDeploymentPostprocessing = 0;
		};
		0F6F91832801C0CB00325091 /* Resources */ = {
			isa = PBXResourcesBuildPhase;
			buildActionMask = 2147483647;
			files = (
			);
			runOnlyForDeploymentPostprocessing = 0;
		};
/* End PBXResourcesBuildPhase section */

/* Begin PBXSourcesBuildPhase section */
		0F6F915E2801C0C900325091 /* Sources */ = {
			isa = PBXSourcesBuildPhase;
			buildActionMask = 2147483647;
			files = (
				0F6F91E9280B18BC00325091 /* ListViewController.swift in Sources */,
				0F6F91DD28087D5700325091 /* LoginButton.swift in Sources */,
				0F6F91CB2805DB3F00325091 /* APIService.swift in Sources */,
				0F6F919E2801C3C300325091 /* Extensions.swift in Sources */,
				0F6F91C92805CF1400325091 /* TempOrder.swift in Sources */,
				0F6F91EF280B2CBC00325091 /* ListForGroupTableViewCell.swift in Sources */,
				0F6F91CF28066FF700325091 /* ViewOrderView.swift in Sources */,
				0F6F91CD2805DB9800325091 /* LoginViewController.swift in Sources */,
				0F6F91D32807225600325091 /* CustomizeTextField.swift in Sources */,
				0F6F91F5280C681500325091 /* NetworkError.swift in Sources */,
				0F6F91AA2801F7B300325091 /* GoCheckOutButton.swift in Sources */,
				0F6F916A2801C0C900325091 /* MainViewController.swift in Sources */,
				0F6F91B02802034E00325091 /* SendOrderButton.swift in Sources */,
				0F6F91E7280B026500325091 /* ShadowsImageButton.swift in Sources */,
				0F6F91B22802D9B800325091 /* DrinksMenuTableViewCell.swift in Sources */,
				0F6F91D728072FD800325091 /* OrderModel.swift in Sources */,
				0F6F91D1280677C800325091 /* DateUtility.swift in Sources */,
				0F6F91B72803D44700325091 /* MenuDetailViewController.swift in Sources */,
				0F6F91E1280941D400325091 /* NewGroupViewController.swift in Sources */,
				0F6F91662801C0C900325091 /* AppDelegate.swift in Sources */,
				0F6F91682801C0C900325091 /* SceneDelegate.swift in Sources */,
				0F6F91C528050DC900325091 /* MenuDetailHeaderView.swift in Sources */,
				0F6F91C32804194D00325091 /* AddDrinkView.swift in Sources */,
				0F6F91F3280C5C7500325091 /* AirDrinksModel.swift in Sources */,
				0F6F91702801C0C900325091 /* DrinkOrder.xcdatamodeld in Sources */,
				0F6F91A02801D55300325091 /* OrderViewController.swift in Sources */,
				0F6F91DF2808897900325091 /* Customer.swift in Sources */,
				0F6F91BB28040B0300325091 /* MenuDetailTableViewCell.swift in Sources */,
				0F6F91A62801E5E400325091 /* Drinks.swift in Sources */,
				0F6F91B92803D95B00325091 /* DrinksDetail.swift in Sources */,
			);
			runOnlyForDeploymentPostprocessing = 0;
		};
		0F6F91772801C0CB00325091 /* Sources */ = {
			isa = PBXSourcesBuildPhase;
			buildActionMask = 2147483647;
			files = (
				0F6F91802801C0CB00325091 /* DrinkOrderTests.swift in Sources */,
			);
			runOnlyForDeploymentPostprocessing = 0;
		};
		0F6F91812801C0CB00325091 /* Sources */ = {
			isa = PBXSourcesBuildPhase;
			buildActionMask = 2147483647;
			files = (
				0F6F918C2801C0CB00325091 /* DrinkOrderUITestsLaunchTests.swift in Sources */,
				0F6F918A2801C0CB00325091 /* DrinkOrderUITests.swift in Sources */,
			);
			runOnlyForDeploymentPostprocessing = 0;
		};
/* End PBXSourcesBuildPhase section */

/* Begin PBXTargetDependency section */
		0F6F917D2801C0CB00325091 /* PBXTargetDependency */ = {
			isa = PBXTargetDependency;
			target = 0F6F91612801C0C900325091 /* DrinkOrder */;
			targetProxy = 0F6F917C2801C0CB00325091 /* PBXContainerItemProxy */;
		};
		0F6F91872801C0CB00325091 /* PBXTargetDependency */ = {
			isa = PBXTargetDependency;
			target = 0F6F91612801C0C900325091 /* DrinkOrder */;
			targetProxy = 0F6F91862801C0CB00325091 /* PBXContainerItemProxy */;
		};
/* End PBXTargetDependency section */

/* Begin PBXVariantGroup section */
		0F6F916B2801C0C900325091 /* Main.storyboard */ = {
			isa = PBXVariantGroup;
			children = (
				0F6F916C2801C0C900325091 /* Base */,
			);
			name = Main.storyboard;
			sourceTree = "<group>";
		};
		0F6F91732801C0CB00325091 /* LaunchScreen.storyboard */ = {
			isa = PBXVariantGroup;
			children = (
				0F6F91742801C0CB00325091 /* Base */,
			);
			name = LaunchScreen.storyboard;
			sourceTree = "<group>";
		};
/* End PBXVariantGroup section */

/* Begin XCBuildConfiguration section */
		0F6F918D2801C0CB00325091 /* Debug */ = {
			isa = XCBuildConfiguration;
			buildSettings = {
				ALWAYS_SEARCH_USER_PATHS = NO;
				CLANG_ANALYZER_NONNULL = YES;
				CLANG_ANALYZER_NUMBER_OBJECT_CONVERSION = YES_AGGRESSIVE;
				CLANG_CXX_LANGUAGE_STANDARD = "gnu++17";
				CLANG_ENABLE_MODULES = YES;
				CLANG_ENABLE_OBJC_ARC = YES;
				CLANG_ENABLE_OBJC_WEAK = YES;
				CLANG_WARN_BLOCK_CAPTURE_AUTORELEASING = YES;
				CLANG_WARN_BOOL_CONVERSION = YES;
				CLANG_WARN_COMMA = YES;
				CLANG_WARN_CONSTANT_CONVERSION = YES;
				CLANG_WARN_DEPRECATED_OBJC_IMPLEMENTATIONS = YES;
				CLANG_WARN_DIRECT_OBJC_ISA_USAGE = YES_ERROR;
				CLANG_WARN_DOCUMENTATION_COMMENTS = YES;
				CLANG_WARN_EMPTY_BODY = YES;
				CLANG_WARN_ENUM_CONVERSION = YES;
				CLANG_WARN_INFINITE_RECURSION = YES;
				CLANG_WARN_INT_CONVERSION = YES;
				CLANG_WARN_NON_LITERAL_NULL_CONVERSION = YES;
				CLANG_WARN_OBJC_IMPLICIT_RETAIN_SELF = YES;
				CLANG_WARN_OBJC_LITERAL_CONVERSION = YES;
				CLANG_WARN_OBJC_ROOT_CLASS = YES_ERROR;
				CLANG_WARN_QUOTED_INCLUDE_IN_FRAMEWORK_HEADER = YES;
				CLANG_WARN_RANGE_LOOP_ANALYSIS = YES;
				CLANG_WARN_STRICT_PROTOTYPES = YES;
				CLANG_WARN_SUSPICIOUS_MOVE = YES;
				CLANG_WARN_UNGUARDED_AVAILABILITY = YES_AGGRESSIVE;
				CLANG_WARN_UNREACHABLE_CODE = YES;
				CLANG_WARN__DUPLICATE_METHOD_MATCH = YES;
				COPY_PHASE_STRIP = NO;
				DEBUG_INFORMATION_FORMAT = dwarf;
				ENABLE_STRICT_OBJC_MSGSEND = YES;
				ENABLE_TESTABILITY = YES;
				GCC_C_LANGUAGE_STANDARD = gnu11;
				GCC_DYNAMIC_NO_PIC = NO;
				GCC_NO_COMMON_BLOCKS = YES;
				GCC_OPTIMIZATION_LEVEL = 0;
				GCC_PREPROCESSOR_DEFINITIONS = (
					"DEBUG=1",
					"$(inherited)",
				);
				GCC_WARN_64_TO_32_BIT_CONVERSION = YES;
				GCC_WARN_ABOUT_RETURN_TYPE = YES_ERROR;
				GCC_WARN_UNDECLARED_SELECTOR = YES;
				GCC_WARN_UNINITIALIZED_AUTOS = YES_AGGRESSIVE;
				GCC_WARN_UNUSED_FUNCTION = YES;
				GCC_WARN_UNUSED_VARIABLE = YES;
				IPHONEOS_DEPLOYMENT_TARGET = 15.4;
				MTL_ENABLE_DEBUG_INFO = INCLUDE_SOURCE;
				MTL_FAST_MATH = YES;
				ONLY_ACTIVE_ARCH = YES;
				SDKROOT = iphoneos;
				SWIFT_ACTIVE_COMPILATION_CONDITIONS = DEBUG;
				SWIFT_OPTIMIZATION_LEVEL = "-Onone";
			};
			name = Debug;
		};
		0F6F918E2801C0CB00325091 /* Release */ = {
			isa = XCBuildConfiguration;
			buildSettings = {
				ALWAYS_SEARCH_USER_PATHS = NO;
				CLANG_ANALYZER_NONNULL = YES;
				CLANG_ANALYZER_NUMBER_OBJECT_CONVERSION = YES_AGGRESSIVE;
				CLANG_CXX_LANGUAGE_STANDARD = "gnu++17";
				CLANG_ENABLE_MODULES = YES;
				CLANG_ENABLE_OBJC_ARC = YES;
				CLANG_ENABLE_OBJC_WEAK = YES;
				CLANG_WARN_BLOCK_CAPTURE_AUTORELEASING = YES;
				CLANG_WARN_BOOL_CONVERSION = YES;
				CLANG_WARN_COMMA = YES;
				CLANG_WARN_CONSTANT_CONVERSION = YES;
				CLANG_WARN_DEPRECATED_OBJC_IMPLEMENTATIONS = YES;
				CLANG_WARN_DIRECT_OBJC_ISA_USAGE = YES_ERROR;
				CLANG_WARN_DOCUMENTATION_COMMENTS = YES;
				CLANG_WARN_EMPTY_BODY = YES;
				CLANG_WARN_ENUM_CONVERSION = YES;
				CLANG_WARN_INFINITE_RECURSION = YES;
				CLANG_WARN_INT_CONVERSION = YES;
				CLANG_WARN_NON_LITERAL_NULL_CONVERSION = YES;
				CLANG_WARN_OBJC_IMPLICIT_RETAIN_SELF = YES;
				CLANG_WARN_OBJC_LITERAL_CONVERSION = YES;
				CLANG_WARN_OBJC_ROOT_CLASS = YES_ERROR;
				CLANG_WARN_QUOTED_INCLUDE_IN_FRAMEWORK_HEADER = YES;
				CLANG_WARN_RANGE_LOOP_ANALYSIS = YES;
				CLANG_WARN_STRICT_PROTOTYPES = YES;
				CLANG_WARN_SUSPICIOUS_MOVE = YES;
				CLANG_WARN_UNGUARDED_AVAILABILITY = YES_AGGRESSIVE;
				CLANG_WARN_UNREACHABLE_CODE = YES;
				CLANG_WARN__DUPLICATE_METHOD_MATCH = YES;
				COPY_PHASE_STRIP = NO;
				DEBUG_INFORMATION_FORMAT = "dwarf-with-dsym";
				ENABLE_NS_ASSERTIONS = NO;
				ENABLE_STRICT_OBJC_MSGSEND = YES;
				GCC_C_LANGUAGE_STANDARD = gnu11;
				GCC_NO_COMMON_BLOCKS = YES;
				GCC_WARN_64_TO_32_BIT_CONVERSION = YES;
				GCC_WARN_ABOUT_RETURN_TYPE = YES_ERROR;
				GCC_WARN_UNDECLARED_SELECTOR = YES;
				GCC_WARN_UNINITIALIZED_AUTOS = YES_AGGRESSIVE;
				GCC_WARN_UNUSED_FUNCTION = YES;
				GCC_WARN_UNUSED_VARIABLE = YES;
				IPHONEOS_DEPLOYMENT_TARGET = 15.4;
				MTL_ENABLE_DEBUG_INFO = NO;
				MTL_FAST_MATH = YES;
				SDKROOT = iphoneos;
				SWIFT_COMPILATION_MODE = wholemodule;
				SWIFT_OPTIMIZATION_LEVEL = "-O";
				VALIDATE_PRODUCT = YES;
			};
			name = Release;
		};
		0F6F91902801C0CB00325091 /* Debug */ = {
			isa = XCBuildConfiguration;
			buildSettings = {
				ASSETCATALOG_COMPILER_APPICON_NAME = AppIcon;
				ASSETCATALOG_COMPILER_GLOBAL_ACCENT_COLOR_NAME = AccentColor;
				CODE_SIGN_STYLE = Automatic;
				CURRENT_PROJECT_VERSION = 1;
				DEVELOPMENT_TEAM = R5599LYD4Y;
				GENERATE_INFOPLIST_FILE = YES;
				INFOPLIST_FILE = DrinkOrder/Info.plist;
				INFOPLIST_KEY_UIApplicationSupportsIndirectInputEvents = YES;
				INFOPLIST_KEY_UILaunchStoryboardName = LaunchScreen;
				INFOPLIST_KEY_UIMainStoryboardFile = Main;
				INFOPLIST_KEY_UISupportedInterfaceOrientations_iPad = "UIInterfaceOrientationPortrait UIInterfaceOrientationPortraitUpsideDown UIInterfaceOrientationLandscapeLeft UIInterfaceOrientationLandscapeRight";
				INFOPLIST_KEY_UISupportedInterfaceOrientations_iPhone = "UIInterfaceOrientationPortrait UIInterfaceOrientationLandscapeLeft UIInterfaceOrientationLandscapeRight";
				LD_RUNPATH_SEARCH_PATHS = (
					"$(inherited)",
					"@executable_path/Frameworks",
				);
				MARKETING_VERSION = 1.0;
				PRODUCT_BUNDLE_IDENTIFIER = com.DrinkOrder;
				PRODUCT_NAME = "$(TARGET_NAME)";
				SWIFT_EMIT_LOC_STRINGS = YES;
				SWIFT_VERSION = 5.0;
				TARGETED_DEVICE_FAMILY = "1,2";
			};
			name = Debug;
		};
		0F6F91912801C0CB00325091 /* Release */ = {
			isa = XCBuildConfiguration;
			buildSettings = {
				ASSETCATALOG_COMPILER_APPICON_NAME = AppIcon;
				ASSETCATALOG_COMPILER_GLOBAL_ACCENT_COLOR_NAME = AccentColor;
				CODE_SIGN_STYLE = Automatic;
				CURRENT_PROJECT_VERSION = 1;
				DEVELOPMENT_TEAM = R5599LYD4Y;
				GENERATE_INFOPLIST_FILE = YES;
				INFOPLIST_FILE = DrinkOrder/Info.plist;
				INFOPLIST_KEY_UIApplicationSupportsIndirectInputEvents = YES;
				INFOPLIST_KEY_UILaunchStoryboardName = LaunchScreen;
				INFOPLIST_KEY_UIMainStoryboardFile = Main;
				INFOPLIST_KEY_UISupportedInterfaceOrientations_iPad = "UIInterfaceOrientationPortrait UIInterfaceOrientationPortraitUpsideDown UIInterfaceOrientationLandscapeLeft UIInterfaceOrientationLandscapeRight";
				INFOPLIST_KEY_UISupportedInterfaceOrientations_iPhone = "UIInterfaceOrientationPortrait UIInterfaceOrientationLandscapeLeft UIInterfaceOrientationLandscapeRight";
				LD_RUNPATH_SEARCH_PATHS = (
					"$(inherited)",
					"@executable_path/Frameworks",
				);
				MARKETING_VERSION = 1.0;
				PRODUCT_BUNDLE_IDENTIFIER = com.DrinkOrder;
				PRODUCT_NAME = "$(TARGET_NAME)";
				SWIFT_EMIT_LOC_STRINGS = YES;
				SWIFT_VERSION = 5.0;
				TARGETED_DEVICE_FAMILY = "1,2";
			};
			name = Release;
		};
		0F6F91932801C0CB00325091 /* Debug */ = {
			isa = XCBuildConfiguration;
			buildSettings = {
				ALWAYS_EMBED_SWIFT_STANDARD_LIBRARIES = YES;
				BUNDLE_LOADER = "$(TEST_HOST)";
				CODE_SIGN_STYLE = Automatic;
				CURRENT_PROJECT_VERSION = 1;
				DEVELOPMENT_TEAM = R5599LYD4Y;
				GENERATE_INFOPLIST_FILE = YES;
				IPHONEOS_DEPLOYMENT_TARGET = 15.4;
				MARKETING_VERSION = 1.0;
				PRODUCT_BUNDLE_IDENTIFIER = com.DrinkOrderTests;
				PRODUCT_NAME = "$(TARGET_NAME)";
				SWIFT_EMIT_LOC_STRINGS = NO;
				SWIFT_VERSION = 5.0;
				TARGETED_DEVICE_FAMILY = "1,2";
				TEST_HOST = "$(BUILT_PRODUCTS_DIR)/DrinkOrder.app/DrinkOrder";
			};
			name = Debug;
		};
		0F6F91942801C0CB00325091 /* Release */ = {
			isa = XCBuildConfiguration;
			buildSettings = {
				ALWAYS_EMBED_SWIFT_STANDARD_LIBRARIES = YES;
				BUNDLE_LOADER = "$(TEST_HOST)";
				CODE_SIGN_STYLE = Automatic;
				CURRENT_PROJECT_VERSION = 1;
				DEVELOPMENT_TEAM = R5599LYD4Y;
				GENERATE_INFOPLIST_FILE = YES;
				IPHONEOS_DEPLOYMENT_TARGET = 15.4;
				MARKETING_VERSION = 1.0;
				PRODUCT_BUNDLE_IDENTIFIER = com.DrinkOrderTests;
				PRODUCT_NAME = "$(TARGET_NAME)";
				SWIFT_EMIT_LOC_STRINGS = NO;
				SWIFT_VERSION = 5.0;
				TARGETED_DEVICE_FAMILY = "1,2";
				TEST_HOST = "$(BUILT_PRODUCTS_DIR)/DrinkOrder.app/DrinkOrder";
			};
			name = Release;
		};
		0F6F91962801C0CB00325091 /* Debug */ = {
			isa = XCBuildConfiguration;
			buildSettings = {
				ALWAYS_EMBED_SWIFT_STANDARD_LIBRARIES = YES;
				CODE_SIGN_STYLE = Automatic;
				CURRENT_PROJECT_VERSION = 1;
				DEVELOPMENT_TEAM = R5599LYD4Y;
				GENERATE_INFOPLIST_FILE = YES;
				MARKETING_VERSION = 1.0;
				PRODUCT_BUNDLE_IDENTIFIER = com.DrinkOrderUITests;
				PRODUCT_NAME = "$(TARGET_NAME)";
				SWIFT_EMIT_LOC_STRINGS = NO;
				SWIFT_VERSION = 5.0;
				TARGETED_DEVICE_FAMILY = "1,2";
				TEST_TARGET_NAME = DrinkOrder;
			};
			name = Debug;
		};
		0F6F91972801C0CB00325091 /* Release */ = {
			isa = XCBuildConfiguration;
			buildSettings = {
				ALWAYS_EMBED_SWIFT_STANDARD_LIBRARIES = YES;
				CODE_SIGN_STYLE = Automatic;
				CURRENT_PROJECT_VERSION = 1;
				DEVELOPMENT_TEAM = R5599LYD4Y;
				GENERATE_INFOPLIST_FILE = YES;
				MARKETING_VERSION = 1.0;
				PRODUCT_BUNDLE_IDENTIFIER = com.DrinkOrderUITests;
				PRODUCT_NAME = "$(TARGET_NAME)";
				SWIFT_EMIT_LOC_STRINGS = NO;
				SWIFT_VERSION = 5.0;
				TARGETED_DEVICE_FAMILY = "1,2";
				TEST_TARGET_NAME = DrinkOrder;
			};
			name = Release;
		};
/* End XCBuildConfiguration section */

/* Begin XCConfigurationList section */
		0F6F915D2801C0C900325091 /* Build configuration list for PBXProject "DrinkOrder" */ = {
			isa = XCConfigurationList;
			buildConfigurations = (
				0F6F918D2801C0CB00325091 /* Debug */,
				0F6F918E2801C0CB00325091 /* Release */,
			);
			defaultConfigurationIsVisible = 0;
			defaultConfigurationName = Release;
		};
		0F6F918F2801C0CB00325091 /* Build configuration list for PBXNativeTarget "DrinkOrder" */ = {
			isa = XCConfigurationList;
			buildConfigurations = (
				0F6F91902801C0CB00325091 /* Debug */,
				0F6F91912801C0CB00325091 /* Release */,
			);
			defaultConfigurationIsVisible = 0;
			defaultConfigurationName = Release;
		};
		0F6F91922801C0CB00325091 /* Build configuration list for PBXNativeTarget "DrinkOrderTests" */ = {
			isa = XCConfigurationList;
			buildConfigurations = (
				0F6F91932801C0CB00325091 /* Debug */,
				0F6F91942801C0CB00325091 /* Release */,
			);
			defaultConfigurationIsVisible = 0;
			defaultConfigurationName = Release;
		};
		0F6F91952801C0CB00325091 /* Build configuration list for PBXNativeTarget "DrinkOrderUITests" */ = {
			isa = XCConfigurationList;
			buildConfigurations = (
				0F6F91962801C0CB00325091 /* Debug */,
				0F6F91972801C0CB00325091 /* Release */,
			);
			defaultConfigurationIsVisible = 0;
			defaultConfigurationName = Release;
		};
/* End XCConfigurationList section */

/* Begin XCVersionGroup section */
		0F6F916E2801C0C900325091 /* DrinkOrder.xcdatamodeld */ = {
			isa = XCVersionGroup;
			children = (
				0F6F916F2801C0C900325091 /* DrinkOrder.xcdatamodel */,
			);
			currentVersion = 0F6F916F2801C0C900325091 /* DrinkOrder.xcdatamodel */;
			path = DrinkOrder.xcdatamodeld;
			sourceTree = "<group>";
			versionGroupType = wrapper.xcdatamodel;
		};
/* End XCVersionGroup section */
	};
	rootObject = 0F6F915A2801C0C900325091 /* Project object */;
}
